// !$*UTF8*$!
{
	archiveVersion = 1;
	classes = {
	};
	objectVersion = 56;
	objects = {

/* Begin PBXBuildFile section */
		038EA19A2C33EA1F00CBDB48 /* AppDelegate.swift in Sources */ = {isa = PBXBuildFile; fileRef = 038EA1992C33EA1F00CBDB48 /* AppDelegate.swift */; };
		038EA19C2C33EA1F00CBDB48 /* SceneDelegate.swift in Sources */ = {isa = PBXBuildFile; fileRef = 038EA19B2C33EA1F00CBDB48 /* SceneDelegate.swift */; };
		038EA19E2C33EA1F00CBDB48 /* ViewController.swift in Sources */ = {isa = PBXBuildFile; fileRef = 038EA19D2C33EA1F00CBDB48 /* ViewController.swift */; };
		038EA1A32C33EA2100CBDB48 /* Assets.xcassets in Resources */ = {isa = PBXBuildFile; fileRef = 038EA1A22C33EA2100CBDB48 /* Assets.xcassets */; };
		038EA1A62C33EA2100CBDB48 /* Base in Resources */ = {isa = PBXBuildFile; fileRef = 038EA1A52C33EA2100CBDB48 /* Base */; };
		038EA1AE2C33F56000CBDB48 /* RegisterViewController.swift in Sources */ = {isa = PBXBuildFile; fileRef = 038EA1AD2C33F56000CBDB48 /* RegisterViewController.swift */; };
		038EA1B02C33F57300CBDB48 /* ListViewController.swift in Sources */ = {isa = PBXBuildFile; fileRef = 038EA1AF2C33F57300CBDB48 /* ListViewController.swift */; };
		038EA1B32C33F9A600CBDB48 /* SnapKit in Frameworks */ = {isa = PBXBuildFile; productRef = 038EA1B22C33F9A600CBDB48 /* SnapKit */; };
		038EA1B62C33F9CB00CBDB48 /* RealmSwift in Frameworks */ = {isa = PBXBuildFile; productRef = 038EA1B52C33F9CB00CBDB48 /* RealmSwift */; };
		038EA1B82C33FA3000CBDB48 /* ListTableViewCell.swift in Sources */ = {isa = PBXBuildFile; fileRef = 038EA1B72C33FA3000CBDB48 /* ListTableViewCell.swift */; };
		038EA1BB2C341D8F00CBDB48 /* RealmModel.swift in Sources */ = {isa = PBXBuildFile; fileRef = 038EA1BA2C341D8F00CBDB48 /* RealmModel.swift */; };
		038EA1BD2C3429D000CBDB48 /* RegisterTableViewCell.swift in Sources */ = {isa = PBXBuildFile; fileRef = 038EA1BC2C3429D000CBDB48 /* RegisterTableViewCell.swift */; };
		038EA1C02C34319B00CBDB48 /* Toast in Frameworks */ = {isa = PBXBuildFile; productRef = 038EA1BF2C34319B00CBDB48 /* Toast */; };
		038EA1C62C353B4600CBDB48 /* DateViewController.swift in Sources */ = {isa = PBXBuildFile; fileRef = 038EA1C52C353B4600CBDB48 /* DateViewController.swift */; };
		038EA1C82C353B5B00CBDB48 /* TagViewController.swift in Sources */ = {isa = PBXBuildFile; fileRef = 038EA1C72C353B5B00CBDB48 /* TagViewController.swift */; };
		038EA1CA2C353B8500CBDB48 /* PriorityViewController.swift in Sources */ = {isa = PBXBuildFile; fileRef = 038EA1C92C353B8500CBDB48 /* PriorityViewController.swift */; };
		03D110A62C36903E00481E36 /* RealmSwift in Embed Frameworks */ = {isa = PBXBuildFile; productRef = 038EA1B52C33F9CB00CBDB48 /* RealmSwift */; settings = {ATTRIBUTES = (CodeSignOnCopy, ); }; };
		03D110A92C39160200481E36 /* FileManager+Extension.swift in Sources */ = {isa = PBXBuildFile; fileRef = 03D110A82C39160200481E36 /* FileManager+Extension.swift */; };
		03D110AB2C397B5D00481E36 /* AddListViewController.swift in Sources */ = {isa = PBXBuildFile; fileRef = 03D110AA2C397B5D00481E36 /* AddListViewController.swift */; };
		03D110AD2C3981D700481E36 /* CollectionViewCell.swift in Sources */ = {isa = PBXBuildFile; fileRef = 03D110AC2C3981D700481E36 /* CollectionViewCell.swift */; };
/* End PBXBuildFile section */

/* Begin PBXCopyFilesBuildPhase section */
		03D110A72C36903E00481E36 /* Embed Frameworks */ = {
			isa = PBXCopyFilesBuildPhase;
			buildActionMask = 2147483647;
			dstPath = "";
			dstSubfolderSpec = 10;
			files = (
				03D110A62C36903E00481E36 /* RealmSwift in Embed Frameworks */,
			);
			name = "Embed Frameworks";
			runOnlyForDeploymentPostprocessing = 0;
		};
/* End PBXCopyFilesBuildPhase section */

/* Begin PBXFileReference section */
		038EA1962C33EA1F00CBDB48 /* Reminder.app */ = {isa = PBXFileReference; explicitFileType = wrapper.application; includeInIndex = 0; path = Reminder.app; sourceTree = BUILT_PRODUCTS_DIR; };
		038EA1992C33EA1F00CBDB48 /* AppDelegate.swift */ = {isa = PBXFileReference; lastKnownFileType = sourcecode.swift; path = AppDelegate.swift; sourceTree = "<group>"; };
		038EA19B2C33EA1F00CBDB48 /* SceneDelegate.swift */ = {isa = PBXFileReference; lastKnownFileType = sourcecode.swift; path = SceneDelegate.swift; sourceTree = "<group>"; };
		038EA19D2C33EA1F00CBDB48 /* ViewController.swift */ = {isa = PBXFileReference; lastKnownFileType = sourcecode.swift; path = ViewController.swift; sourceTree = "<group>"; };
		038EA1A22C33EA2100CBDB48 /* Assets.xcassets */ = {isa = PBXFileReference; lastKnownFileType = folder.assetcatalog; path = Assets.xcassets; sourceTree = "<group>"; };
		038EA1A52C33EA2100CBDB48 /* Base */ = {isa = PBXFileReference; lastKnownFileType = file.storyboard; name = Base; path = Base.lproj/LaunchScreen.storyboard; sourceTree = "<group>"; };
		038EA1A72C33EA2100CBDB48 /* Info.plist */ = {isa = PBXFileReference; lastKnownFileType = text.plist.xml; path = Info.plist; sourceTree = "<group>"; };
		038EA1AD2C33F56000CBDB48 /* RegisterViewController.swift */ = {isa = PBXFileReference; lastKnownFileType = sourcecode.swift; path = RegisterViewController.swift; sourceTree = "<group>"; };
		038EA1AF2C33F57300CBDB48 /* ListViewController.swift */ = {isa = PBXFileReference; lastKnownFileType = sourcecode.swift; path = ListViewController.swift; sourceTree = "<group>"; };
		038EA1B72C33FA3000CBDB48 /* ListTableViewCell.swift */ = {isa = PBXFileReference; lastKnownFileType = sourcecode.swift; path = ListTableViewCell.swift; sourceTree = "<group>"; };
		038EA1BA2C341D8F00CBDB48 /* RealmModel.swift */ = {isa = PBXFileReference; lastKnownFileType = sourcecode.swift; path = RealmModel.swift; sourceTree = "<group>"; };
		038EA1BC2C3429D000CBDB48 /* RegisterTableViewCell.swift */ = {isa = PBXFileReference; lastKnownFileType = sourcecode.swift; path = RegisterTableViewCell.swift; sourceTree = "<group>"; };
		038EA1C52C353B4600CBDB48 /* DateViewController.swift */ = {isa = PBXFileReference; lastKnownFileType = sourcecode.swift; path = DateViewController.swift; sourceTree = "<group>"; };
		038EA1C72C353B5B00CBDB48 /* TagViewController.swift */ = {isa = PBXFileReference; lastKnownFileType = sourcecode.swift; path = TagViewController.swift; sourceTree = "<group>"; };
		038EA1C92C353B8500CBDB48 /* PriorityViewController.swift */ = {isa = PBXFileReference; lastKnownFileType = sourcecode.swift; path = PriorityViewController.swift; sourceTree = "<group>"; };
		03D110A82C39160200481E36 /* FileManager+Extension.swift */ = {isa = PBXFileReference; lastKnownFileType = sourcecode.swift; path = "FileManager+Extension.swift"; sourceTree = "<group>"; };
		03D110AA2C397B5D00481E36 /* AddListViewController.swift */ = {isa = PBXFileReference; lastKnownFileType = sourcecode.swift; path = AddListViewController.swift; sourceTree = "<group>"; };
		03D110AC2C3981D700481E36 /* CollectionViewCell.swift */ = {isa = PBXFileReference; lastKnownFileType = sourcecode.swift; path = CollectionViewCell.swift; sourceTree = "<group>"; };
/* End PBXFileReference section */

/* Begin PBXFrameworksBuildPhase section */
		038EA1932C33EA1F00CBDB48 /* Frameworks */ = {
			isa = PBXFrameworksBuildPhase;
			buildActionMask = 2147483647;
			files = (
				038EA1C02C34319B00CBDB48 /* Toast in Frameworks */,
				038EA1B62C33F9CB00CBDB48 /* RealmSwift in Frameworks */,
				038EA1B32C33F9A600CBDB48 /* SnapKit in Frameworks */,
			);
			runOnlyForDeploymentPostprocessing = 0;
		};
/* End PBXFrameworksBuildPhase section */

/* Begin PBXGroup section */
		038EA18D2C33EA1F00CBDB48 = {
			isa = PBXGroup;
			children = (
				038EA1982C33EA1F00CBDB48 /* Reminder */,
				038EA1972C33EA1F00CBDB48 /* Products */,
			);
			sourceTree = "<group>";
		};
		038EA1972C33EA1F00CBDB48 /* Products */ = {
			isa = PBXGroup;
			children = (
				038EA1962C33EA1F00CBDB48 /* Reminder.app */,
			);
			name = Products;
			sourceTree = "<group>";
		};
		038EA1982C33EA1F00CBDB48 /* Reminder */ = {
			isa = PBXGroup;
			children = (
				038EA1C42C353B2800CBDB48 /* RegisterViewTransitionGroup */,
				038EA1B92C341D8000CBDB48 /* Database */,
				038EA1992C33EA1F00CBDB48 /* AppDelegate.swift */,
				038EA19B2C33EA1F00CBDB48 /* SceneDelegate.swift */,
				038EA19D2C33EA1F00CBDB48 /* ViewController.swift */,
				038EA1A22C33EA2100CBDB48 /* Assets.xcassets */,
				038EA1A42C33EA2100CBDB48 /* LaunchScreen.storyboard */,
				038EA1A72C33EA2100CBDB48 /* Info.plist */,
				038EA1AF2C33F57300CBDB48 /* ListViewController.swift */,
				038EA1B72C33FA3000CBDB48 /* ListTableViewCell.swift */,
				03D110A82C39160200481E36 /* FileManager+Extension.swift */,
				03D110AA2C397B5D00481E36 /* AddListViewController.swift */,
				03D110AC2C3981D700481E36 /* CollectionViewCell.swift */,
			);
			path = Reminder;
			sourceTree = "<group>";
		};
		038EA1B92C341D8000CBDB48 /* Database */ = {
			isa = PBXGroup;
			children = (
				038EA1BA2C341D8F00CBDB48 /* RealmModel.swift */,
			);
			path = Database;
			sourceTree = "<group>";
		};
		038EA1C42C353B2800CBDB48 /* RegisterViewTransitionGroup */ = {
			isa = PBXGroup;
			children = (
				038EA1AD2C33F56000CBDB48 /* RegisterViewController.swift */,
				038EA1BC2C3429D000CBDB48 /* RegisterTableViewCell.swift */,
				038EA1C52C353B4600CBDB48 /* DateViewController.swift */,
				038EA1C72C353B5B00CBDB48 /* TagViewController.swift */,
				038EA1C92C353B8500CBDB48 /* PriorityViewController.swift */,
			);
			path = RegisterViewTransitionGroup;
			sourceTree = "<group>";
		};
/* End PBXGroup section */

/* Begin PBXNativeTarget section */
		038EA1952C33EA1F00CBDB48 /* Reminder */ = {
			isa = PBXNativeTarget;
			buildConfigurationList = 038EA1AA2C33EA2100CBDB48 /* Build configuration list for PBXNativeTarget "Reminder" */;
			buildPhases = (
				038EA1922C33EA1F00CBDB48 /* Sources */,
				038EA1932C33EA1F00CBDB48 /* Frameworks */,
				038EA1942C33EA1F00CBDB48 /* Resources */,
				03D110A72C36903E00481E36 /* Embed Frameworks */,
			);
			buildRules = (
			);
			dependencies = (
			);
			name = Reminder;
			packageProductDependencies = (
				038EA1B22C33F9A600CBDB48 /* SnapKit */,
				038EA1B52C33F9CB00CBDB48 /* RealmSwift */,
				038EA1BF2C34319B00CBDB48 /* Toast */,
			);
			productName = Reminder;
			productReference = 038EA1962C33EA1F00CBDB48 /* Reminder.app */;
			productType = "com.apple.product-type.application";
		};
/* End PBXNativeTarget section */

/* Begin PBXProject section */
		038EA18E2C33EA1F00CBDB48 /* Project object */ = {
			isa = PBXProject;
			attributes = {
				BuildIndependentTargetsInParallel = 1;
				LastSwiftUpdateCheck = 1530;
				LastUpgradeCheck = 1530;
				TargetAttributes = {
					038EA1952C33EA1F00CBDB48 = {
						CreatedOnToolsVersion = 15.3;
					};
				};
			};
			buildConfigurationList = 038EA1912C33EA1F00CBDB48 /* Build configuration list for PBXProject "Reminder" */;
			compatibilityVersion = "Xcode 14.0";
			developmentRegion = en;
			hasScannedForEncodings = 0;
			knownRegions = (
				en,
				Base,
			);
			mainGroup = 038EA18D2C33EA1F00CBDB48;
			packageReferences = (
				038EA1B12C33F9A600CBDB48 /* XCRemoteSwiftPackageReference "SnapKit" */,
				038EA1B42C33F9CB00CBDB48 /* XCRemoteSwiftPackageReference "realm-swift" */,
				038EA1BE2C34319B00CBDB48 /* XCRemoteSwiftPackageReference "Toast-Swift" */,
			);
			productRefGroup = 038EA1972C33EA1F00CBDB48 /* Products */;
			projectDirPath = "";
			projectRoot = "";
			targets = (
				038EA1952C33EA1F00CBDB48 /* Reminder */,
			);
		};
/* End PBXProject section */

/* Begin PBXResourcesBuildPhase section */
		038EA1942C33EA1F00CBDB48 /* Resources */ = {
			isa = PBXResourcesBuildPhase;
			buildActionMask = 2147483647;
			files = (
				038EA1A32C33EA2100CBDB48 /* Assets.xcassets in Resources */,
				038EA1A62C33EA2100CBDB48 /* Base in Resources */,
			);
			runOnlyForDeploymentPostprocessing = 0;
		};
/* End PBXResourcesBuildPhase section */

/* Begin PBXSourcesBuildPhase section */
		038EA1922C33EA1F00CBDB48 /* Sources */ = {
			isa = PBXSourcesBuildPhase;
			buildActionMask = 2147483647;
			files = (
				03D110AB2C397B5D00481E36 /* AddListViewController.swift in Sources */,
				038EA1CA2C353B8500CBDB48 /* PriorityViewController.swift in Sources */,
				038EA19E2C33EA1F00CBDB48 /* ViewController.swift in Sources */,
				038EA1BB2C341D8F00CBDB48 /* RealmModel.swift in Sources */,
				038EA19A2C33EA1F00CBDB48 /* AppDelegate.swift in Sources */,
				038EA19C2C33EA1F00CBDB48 /* SceneDelegate.swift in Sources */,
				038EA1B02C33F57300CBDB48 /* ListViewController.swift in Sources */,
				038EA1AE2C33F56000CBDB48 /* RegisterViewController.swift in Sources */,
				038EA1BD2C3429D000CBDB48 /* RegisterTableViewCell.swift in Sources */,
				038EA1C82C353B5B00CBDB48 /* TagViewController.swift in Sources */,
				03D110AD2C3981D700481E36 /* CollectionViewCell.swift in Sources */,
				03D110A92C39160200481E36 /* FileManager+Extension.swift in Sources */,
				038EA1C62C353B4600CBDB48 /* DateViewController.swift in Sources */,
				038EA1B82C33FA3000CBDB48 /* ListTableViewCell.swift in Sources */,
			);
			runOnlyForDeploymentPostprocessing = 0;
		};
/* End PBXSourcesBuildPhase section */

/* Begin PBXVariantGroup section */
		038EA1A42C33EA2100CBDB48 /* LaunchScreen.storyboard */ = {
			isa = PBXVariantGroup;
			children = (
				038EA1A52C33EA2100CBDB48 /* Base */,
			);
			name = LaunchScreen.storyboard;
			sourceTree = "<group>";
		};
/* End PBXVariantGroup section */

/* Begin XCBuildConfiguration section */
		038EA1A82C33EA2100CBDB48 /* Debug */ = {
			isa = XCBuildConfiguration;
			buildSettings = {
				ALWAYS_SEARCH_USER_PATHS = NO;
				ASSETCATALOG_COMPILER_GENERATE_SWIFT_ASSET_SYMBOL_EXTENSIONS = YES;
				CLANG_ANALYZER_NONNULL = YES;
				CLANG_ANALYZER_NUMBER_OBJECT_CONVERSION = YES_AGGRESSIVE;
				CLANG_CXX_LANGUAGE_STANDARD = "gnu++20";
				CLANG_ENABLE_MODULES = YES;
				CLANG_ENABLE_OBJC_ARC = YES;
				CLANG_ENABLE_OBJC_WEAK = YES;
				CLANG_WARN_BLOCK_CAPTURE_AUTORELEASING = YES;
				CLANG_WARN_BOOL_CONVERSION = YES;
				CLANG_WARN_COMMA = YES;
				CLANG_WARN_CONSTANT_CONVERSION = YES;
				CLANG_WARN_DEPRECATED_OBJC_IMPLEMENTATIONS = YES;
				CLANG_WARN_DIRECT_OBJC_ISA_USAGE = YES_ERROR;
				CLANG_WARN_DOCUMENTATION_COMMENTS = YES;
				CLANG_WARN_EMPTY_BODY = YES;
				CLANG_WARN_ENUM_CONVERSION = YES;
				CLANG_WARN_INFINITE_RECURSION = YES;
				CLANG_WARN_INT_CONVERSION = YES;
				CLANG_WARN_NON_LITERAL_NULL_CONVERSION = YES;
				CLANG_WARN_OBJC_IMPLICIT_RETAIN_SELF = YES;
				CLANG_WARN_OBJC_LITERAL_CONVERSION = YES;
				CLANG_WARN_OBJC_ROOT_CLASS = YES_ERROR;
				CLANG_WARN_QUOTED_INCLUDE_IN_FRAMEWORK_HEADER = YES;
				CLANG_WARN_RANGE_LOOP_ANALYSIS = YES;
				CLANG_WARN_STRICT_PROTOTYPES = YES;
				CLANG_WARN_SUSPICIOUS_MOVE = YES;
				CLANG_WARN_UNGUARDED_AVAILABILITY = YES_AGGRESSIVE;
				CLANG_WARN_UNREACHABLE_CODE = YES;
				CLANG_WARN__DUPLICATE_METHOD_MATCH = YES;
				COPY_PHASE_STRIP = NO;
				DEBUG_INFORMATION_FORMAT = dwarf;
				ENABLE_STRICT_OBJC_MSGSEND = YES;
				ENABLE_TESTABILITY = YES;
				ENABLE_USER_SCRIPT_SANDBOXING = YES;
				GCC_C_LANGUAGE_STANDARD = gnu17;
				GCC_DYNAMIC_NO_PIC = NO;
				GCC_NO_COMMON_BLOCKS = YES;
				GCC_OPTIMIZATION_LEVEL = 0;
				GCC_PREPROCESSOR_DEFINITIONS = (
					"DEBUG=1",
					"$(inherited)",
				);
				GCC_WARN_64_TO_32_BIT_CONVERSION = YES;
				GCC_WARN_ABOUT_RETURN_TYPE = YES_ERROR;
				GCC_WARN_UNDECLARED_SELECTOR = YES;
				GCC_WARN_UNINITIALIZED_AUTOS = YES_AGGRESSIVE;
				GCC_WARN_UNUSED_FUNCTION = YES;
				GCC_WARN_UNUSED_VARIABLE = YES;
				IPHONEOS_DEPLOYMENT_TARGET = 16.0;
				LOCALIZATION_PREFERS_STRING_CATALOGS = YES;
				MTL_ENABLE_DEBUG_INFO = INCLUDE_SOURCE;
				MTL_FAST_MATH = YES;
				ONLY_ACTIVE_ARCH = YES;
				SDKROOT = iphoneos;
				SWIFT_ACTIVE_COMPILATION_CONDITIONS = "DEBUG $(inherited)";
				SWIFT_OPTIMIZATION_LEVEL = "-Onone";
			};
			name = Debug;
		};
		038EA1A92C33EA2100CBDB48 /* Release */ = {
			isa = XCBuildConfiguration;
			buildSettings = {
				ALWAYS_SEARCH_USER_PATHS = NO;
				ASSETCATALOG_COMPILER_GENERATE_SWIFT_ASSET_SYMBOL_EXTENSIONS = YES;
				CLANG_ANALYZER_NONNULL = YES;
				CLANG_ANALYZER_NUMBER_OBJECT_CONVERSION = YES_AGGRESSIVE;
				CLANG_CXX_LANGUAGE_STANDARD = "gnu++20";
				CLANG_ENABLE_MODULES = YES;
				CLANG_ENABLE_OBJC_ARC = YES;
				CLANG_ENABLE_OBJC_WEAK = YES;
				CLANG_WARN_BLOCK_CAPTURE_AUTORELEASING = YES;
				CLANG_WARN_BOOL_CONVERSION = YES;
				CLANG_WARN_COMMA = YES;
				CLANG_WARN_CONSTANT_CONVERSION = YES;
				CLANG_WARN_DEPRECATED_OBJC_IMPLEMENTATIONS = YES;
				CLANG_WARN_DIRECT_OBJC_ISA_USAGE = YES_ERROR;
				CLANG_WARN_DOCUMENTATION_COMMENTS = YES;
				CLANG_WARN_EMPTY_BODY = YES;
				CLANG_WARN_ENUM_CONVERSION = YES;
				CLANG_WARN_INFINITE_RECURSION = YES;
				CLANG_WARN_INT_CONVERSION = YES;
				CLANG_WARN_NON_LITERAL_NULL_CONVERSION = YES;
				CLANG_WARN_OBJC_IMPLICIT_RETAIN_SELF = YES;
				CLANG_WARN_OBJC_LITERAL_CONVERSION = YES;
				CLANG_WARN_OBJC_ROOT_CLASS = YES_ERROR;
				CLANG_WARN_QUOTED_INCLUDE_IN_FRAMEWORK_HEADER = YES;
				CLANG_WARN_RANGE_LOOP_ANALYSIS = YES;
				CLANG_WARN_STRICT_PROTOTYPES = YES;
				CLANG_WARN_SUSPICIOUS_MOVE = YES;
				CLANG_WARN_UNGUARDED_AVAILABILITY = YES_AGGRESSIVE;
				CLANG_WARN_UNREACHABLE_CODE = YES;
				CLANG_WARN__DUPLICATE_METHOD_MATCH = YES;
				COPY_PHASE_STRIP = NO;
				DEBUG_INFORMATION_FORMAT = "dwarf-with-dsym";
				ENABLE_NS_ASSERTIONS = NO;
				ENABLE_STRICT_OBJC_MSGSEND = YES;
				ENABLE_USER_SCRIPT_SANDBOXING = YES;
				GCC_C_LANGUAGE_STANDARD = gnu17;
				GCC_NO_COMMON_BLOCKS = YES;
				GCC_WARN_64_TO_32_BIT_CONVERSION = YES;
				GCC_WARN_ABOUT_RETURN_TYPE = YES_ERROR;
				GCC_WARN_UNDECLARED_SELECTOR = YES;
				GCC_WARN_UNINITIALIZED_AUTOS = YES_AGGRESSIVE;
				GCC_WARN_UNUSED_FUNCTION = YES;
				GCC_WARN_UNUSED_VARIABLE = YES;
				IPHONEOS_DEPLOYMENT_TARGET = 16.0;
				LOCALIZATION_PREFERS_STRING_CATALOGS = YES;
				MTL_ENABLE_DEBUG_INFO = NO;
				MTL_FAST_MATH = YES;
				SDKROOT = iphoneos;
				SWIFT_COMPILATION_MODE = wholemodule;
				VALIDATE_PRODUCT = YES;
			};
			name = Release;
		};
		038EA1AB2C33EA2100CBDB48 /* Debug */ = {
			isa = XCBuildConfiguration;
			buildSettings = {
				ASSETCATALOG_COMPILER_APPICON_NAME = AppIcon;
				ASSETCATALOG_COMPILER_GLOBAL_ACCENT_COLOR_NAME = AccentColor;
				CODE_SIGN_STYLE = Automatic;
				CURRENT_PROJECT_VERSION = 1;
				DEVELOPMENT_TEAM = N727744RT8;
				GENERATE_INFOPLIST_FILE = YES;
				INFOPLIST_FILE = Reminder/Info.plist;
				INFOPLIST_KEY_UIApplicationSupportsIndirectInputEvents = YES;
				INFOPLIST_KEY_UILaunchStoryboardName = LaunchScreen;
				INFOPLIST_KEY_UISupportedInterfaceOrientations = UIInterfaceOrientationPortrait;
				INFOPLIST_KEY_UISupportedInterfaceOrientations_iPad = "UIInterfaceOrientationLandscapeRight UIInterfaceOrientationPortrait";
				INFOPLIST_KEY_UIUserInterfaceStyle = Light;
				IPHONEOS_DEPLOYMENT_TARGET = 16.0;
				LD_RUNPATH_SEARCH_PATHS = (
					"$(inherited)",
					"@executable_path/Frameworks",
				);
				MARKETING_VERSION = 1.0;
				PRODUCT_BUNDLE_IDENTIFIER = com.jimmy.Reminder;
				PRODUCT_NAME = "$(TARGET_NAME)";
				SUPPORTED_PLATFORMS = "iphoneos iphonesimulator";
				SUPPORTS_MACCATALYST = NO;
				SUPPORTS_MAC_DESIGNED_FOR_IPHONE_IPAD = NO;
				SUPPORTS_XR_DESIGNED_FOR_IPHONE_IPAD = NO;
				SWIFT_EMIT_LOC_STRINGS = YES;
				SWIFT_VERSION = 5.0;
				TARGETED_DEVICE_FAMILY = 1;
			};
			name = Debug;
		};
		038EA1AC2C33EA2100CBDB48 /* Release */ = {
			isa = XCBuildConfiguration;
			buildSettings = {
				ASSETCATALOG_COMPILER_APPICON_NAME = AppIcon;
				ASSETCATALOG_COMPILER_GLOBAL_ACCENT_COLOR_NAME = AccentColor;
				CODE_SIGN_STYLE = Automatic;
				CURRENT_PROJECT_VERSION = 1;
				DEVELOPMENT_TEAM = N727744RT8;
				GENERATE_INFOPLIST_FILE = YES;
				INFOPLIST_FILE = Reminder/Info.plist;
				INFOPLIST_KEY_UIApplicationSupportsIndirectInputEvents = YES;
				INFOPLIST_KEY_UILaunchStoryboardName = LaunchScreen;
				INFOPLIST_KEY_UISupportedInterfaceOrientations = UIInterfaceOrientationPortrait;
				INFOPLIST_KEY_UISupportedInterfaceOrientations_iPad = "UIInterfaceOrientationLandscapeRight UIInterfaceOrientationPortrait";
				INFOPLIST_KEY_UIUserInterfaceStyle = Light;
				IPHONEOS_DEPLOYMENT_TARGET = 16.0;
				LD_RUNPATH_SEARCH_PATHS = (
					"$(inherited)",
					"@executable_path/Frameworks",
				);
				MARKETING_VERSION = 1.0;
				PRODUCT_BUNDLE_IDENTIFIER = com.jimmy.Reminder;
				PRODUCT_NAME = "$(TARGET_NAME)";
				SUPPORTED_PLATFORMS = "iphoneos iphonesimulator";
				SUPPORTS_MACCATALYST = NO;
				SUPPORTS_MAC_DESIGNED_FOR_IPHONE_IPAD = NO;
				SUPPORTS_XR_DESIGNED_FOR_IPHONE_IPAD = NO;
				SWIFT_EMIT_LOC_STRINGS = YES;
				SWIFT_VERSION = 5.0;
				TARGETED_DEVICE_FAMILY = 1;
			};
			name = Release;
		};
/* End XCBuildConfiguration section */

/* Begin XCConfigurationList section */
		038EA1912C33EA1F00CBDB48 /* Build configuration list for PBXProject "Reminder" */ = {
			isa = XCConfigurationList;
			buildConfigurations = (
				038EA1A82C33EA2100CBDB48 /* Debug */,
				038EA1A92C33EA2100CBDB48 /* Release */,
			);
			defaultConfigurationIsVisible = 0;
			defaultConfigurationName = Release;
		};
		038EA1AA2C33EA2100CBDB48 /* Build configuration list for PBXNativeTarget "Reminder" */ = {
			isa = XCConfigurationList;
			buildConfigurations = (
				038EA1AB2C33EA2100CBDB48 /* Debug */,
				038EA1AC2C33EA2100CBDB48 /* Release */,
			);
			defaultConfigurationIsVisible = 0;
			defaultConfigurationName = Release;
		};
/* End XCConfigurationList section */

/* Begin XCRemoteSwiftPackageReference section */
		038EA1B12C33F9A600CBDB48 /* XCRemoteSwiftPackageReference "SnapKit" */ = {
			isa = XCRemoteSwiftPackageReference;
			repositoryURL = "https://github.com/SnapKit/SnapKit.git";
			requirement = {
				kind = upToNextMajorVersion;
				minimumVersion = 5.7.1;
			};
		};
		038EA1B42C33F9CB00CBDB48 /* XCRemoteSwiftPackageReference "realm-swift" */ = {
			isa = XCRemoteSwiftPackageReference;
			repositoryURL = "https://github.com/realm/realm-swift.git";
			requirement = {
				branch = master;
				kind = branch;
			};
		};
		038EA1BE2C34319B00CBDB48 /* XCRemoteSwiftPackageReference "Toast-Swift" */ = {
			isa = XCRemoteSwiftPackageReference;
			repositoryURL = "https://github.com/scalessec/Toast-Swift.git";
			requirement = {
				kind = upToNextMajorVersion;
				minimumVersion = 5.1.1;
			};
		};
/* End XCRemoteSwiftPackageReference section */

/* Begin XCSwiftPackageProductDependency section */
		038EA1B22C33F9A600CBDB48 /* SnapKit */ = {
			isa = XCSwiftPackageProductDependency;
			package = 038EA1B12C33F9A600CBDB48 /* XCRemoteSwiftPackageReference "SnapKit" */;
			productName = SnapKit;
		};
		038EA1B52C33F9CB00CBDB48 /* RealmSwift */ = {
			isa = XCSwiftPackageProductDependency;
			package = 038EA1B42C33F9CB00CBDB48 /* XCRemoteSwiftPackageReference "realm-swift" */;
			productName = RealmSwift;
		};
		038EA1BF2C34319B00CBDB48 /* Toast */ = {
			isa = XCSwiftPackageProductDependency;
			package = 038EA1BE2C34319B00CBDB48 /* XCRemoteSwiftPackageReference "Toast-Swift" */;
			productName = Toast;
		};
/* End XCSwiftPackageProductDependency section */
	};
	rootObject = 038EA18E2C33EA1F00CBDB48 /* Project object */;
}
